// !$*UTF8*$!
{
	archiveVersion = 1;
	classes = {
	};
	objectVersion = 50;
	objects = {

/* Begin PBXBuildFile section */
		F439A4AC2545C21200253CE0 /* AppDelegate.swift in Sources */ = {isa = PBXBuildFile; fileRef = F439A4AB2545C21200253CE0 /* AppDelegate.swift */; };
		F439A4AE2545C21200253CE0 /* SceneDelegate.swift in Sources */ = {isa = PBXBuildFile; fileRef = F439A4AD2545C21200253CE0 /* SceneDelegate.swift */; };
		F439A4B02545C21200253CE0 /* STLMainViewController.swift in Sources */ = {isa = PBXBuildFile; fileRef = F439A4AF2545C21200253CE0 /* STLMainViewController.swift */; };
		F439A4B32545C21200253CE0 /* Main.storyboard in Resources */ = {isa = PBXBuildFile; fileRef = F439A4B12545C21200253CE0 /* Main.storyboard */; };
		F439A4B52545C21500253CE0 /* Assets.xcassets in Resources */ = {isa = PBXBuildFile; fileRef = F439A4B42545C21500253CE0 /* Assets.xcassets */; };
		F439A4B82545C21500253CE0 /* LaunchScreen.storyboard in Resources */ = {isa = PBXBuildFile; fileRef = F439A4B62545C21500253CE0 /* LaunchScreen.storyboard */; };
		F439A4C32545C21500253CE0 /* GeofencingTests.swift in Sources */ = {isa = PBXBuildFile; fileRef = F439A4C22545C21500253CE0 /* GeofencingTests.swift */; };
		F439A4CE2545C21500253CE0 /* GeofencingUITests.swift in Sources */ = {isa = PBXBuildFile; fileRef = F439A4CD2545C21500253CE0 /* GeofencingUITests.swift */; };
		F439A4E62545DFA700253CE0 /* STLMapAnnotation.swift in Sources */ = {isa = PBXBuildFile; fileRef = F439A4E52545DFA700253CE0 /* STLMapAnnotation.swift */; };
		F439A4EE2545E3CD00253CE0 /* STLLocationViewModel.swift in Sources */ = {isa = PBXBuildFile; fileRef = F439A4ED2545E3CD00253CE0 /* STLLocationViewModel.swift */; };
		F47702DE254997530004F6DD /* NetworkExtension.framework in Frameworks */ = {isa = PBXBuildFile; fileRef = F47702DD254997530004F6DD /* NetworkExtension.framework */; };
		F47702E3254997EE0004F6DD /* STLNetworkConfiguration.swift in Sources */ = {isa = PBXBuildFile; fileRef = F47702E2254997EE0004F6DD /* STLNetworkConfiguration.swift */; };
		F47702EF2549B1670004F6DD /* UIAlertController+Credential.swift in Sources */ = {isa = PBXBuildFile; fileRef = F47702EE2549B1670004F6DD /* UIAlertController+Credential.swift */; };
		F47703012549C6BB0004F6DD /* SimulatedLocations.gpx in Resources */ = {isa = PBXBuildFile; fileRef = F47702FE2549C6BB0004F6DD /* SimulatedLocations.gpx */; };
		F47703022549C6BB0004F6DD /* Google.gpx in Resources */ = {isa = PBXBuildFile; fileRef = F47702FF2549C6BB0004F6DD /* Google.gpx */; };
		F47703032549C6BB0004F6DD /* Apple.gpx in Resources */ = {isa = PBXBuildFile; fileRef = F47703002549C6BB0004F6DD /* Apple.gpx */; };
		F4894AFC2546F47200834DB3 /* MKMapView+Utilities.swift in Sources */ = {isa = PBXBuildFile; fileRef = F4894AFB2546F47200834DB3 /* MKMapView+Utilities.swift */; };
		F4899FBF2547FE8000B140C2 /* UIViewController+Utilities.swift in Sources */ = {isa = PBXBuildFile; fileRef = F4899FBE2547FE8000B140C2 /* UIViewController+Utilities.swift */; };
		F4899FCF2548062500B140C2 /* STLAddGeofenceViewController.swift in Sources */ = {isa = PBXBuildFile; fileRef = F4899FCE2548062500B140C2 /* STLAddGeofenceViewController.swift */; };
		F4899FDB25482E8400B140C2 /* Ultilities.swift in Sources */ = {isa = PBXBuildFile; fileRef = F4899FDA25482E8400B140C2 /* Ultilities.swift */; };
		F4899FE42548428E00B140C2 /* STLAddAnnotationProtocol.swift in Sources */ = {isa = PBXBuildFile; fileRef = F4899FE32548428E00B140C2 /* STLAddAnnotationProtocol.swift */; };
/* End PBXBuildFile section */

/* Begin PBXContainerItemProxy section */
		F439A4BF2545C21500253CE0 /* PBXContainerItemProxy */ = {
			isa = PBXContainerItemProxy;
			containerPortal = F439A4A02545C21200253CE0 /* Project object */;
			proxyType = 1;
			remoteGlobalIDString = F439A4A72545C21200253CE0;
			remoteInfo = Geofencing;
		};
		F439A4CA2545C21500253CE0 /* PBXContainerItemProxy */ = {
			isa = PBXContainerItemProxy;
			containerPortal = F439A4A02545C21200253CE0 /* Project object */;
			proxyType = 1;
			remoteGlobalIDString = F439A4A72545C21200253CE0;
			remoteInfo = Geofencing;
		};
/* End PBXContainerItemProxy section */

/* Begin PBXFileReference section */
		F439A4A82545C21200253CE0 /* Geofencing.app */ = {isa = PBXFileReference; explicitFileType = wrapper.application; includeInIndex = 0; path = Geofencing.app; sourceTree = BUILT_PRODUCTS_DIR; };
		F439A4AB2545C21200253CE0 /* AppDelegate.swift */ = {isa = PBXFileReference; lastKnownFileType = sourcecode.swift; path = AppDelegate.swift; sourceTree = "<group>"; };
		F439A4AD2545C21200253CE0 /* SceneDelegate.swift */ = {isa = PBXFileReference; lastKnownFileType = sourcecode.swift; path = SceneDelegate.swift; sourceTree = "<group>"; };
		F439A4AF2545C21200253CE0 /* STLMainViewController.swift */ = {isa = PBXFileReference; lastKnownFileType = sourcecode.swift; path = STLMainViewController.swift; sourceTree = "<group>"; };
		F439A4B22545C21200253CE0 /* Base */ = {isa = PBXFileReference; lastKnownFileType = file.storyboard; name = Base; path = Base.lproj/Main.storyboard; sourceTree = "<group>"; };
		F439A4B42545C21500253CE0 /* Assets.xcassets */ = {isa = PBXFileReference; lastKnownFileType = folder.assetcatalog; path = Assets.xcassets; sourceTree = "<group>"; };
		F439A4B72545C21500253CE0 /* Base */ = {isa = PBXFileReference; lastKnownFileType = file.storyboard; name = Base; path = Base.lproj/LaunchScreen.storyboard; sourceTree = "<group>"; };
		F439A4B92545C21500253CE0 /* Info.plist */ = {isa = PBXFileReference; lastKnownFileType = text.plist.xml; path = Info.plist; sourceTree = "<group>"; };
		F439A4BE2545C21500253CE0 /* GeofencingTests.xctest */ = {isa = PBXFileReference; explicitFileType = wrapper.cfbundle; includeInIndex = 0; path = GeofencingTests.xctest; sourceTree = BUILT_PRODUCTS_DIR; };
		F439A4C22545C21500253CE0 /* GeofencingTests.swift */ = {isa = PBXFileReference; lastKnownFileType = sourcecode.swift; path = GeofencingTests.swift; sourceTree = "<group>"; };
		F439A4C42545C21500253CE0 /* Info.plist */ = {isa = PBXFileReference; lastKnownFileType = text.plist.xml; path = Info.plist; sourceTree = "<group>"; };
		F439A4C92545C21500253CE0 /* GeofencingUITests.xctest */ = {isa = PBXFileReference; explicitFileType = wrapper.cfbundle; includeInIndex = 0; path = GeofencingUITests.xctest; sourceTree = BUILT_PRODUCTS_DIR; };
		F439A4CD2545C21500253CE0 /* GeofencingUITests.swift */ = {isa = PBXFileReference; lastKnownFileType = sourcecode.swift; path = GeofencingUITests.swift; sourceTree = "<group>"; };
		F439A4CF2545C21500253CE0 /* Info.plist */ = {isa = PBXFileReference; lastKnownFileType = text.plist.xml; path = Info.plist; sourceTree = "<group>"; };
		F439A4E52545DFA700253CE0 /* STLMapAnnotation.swift */ = {isa = PBXFileReference; lastKnownFileType = sourcecode.swift; path = STLMapAnnotation.swift; sourceTree = "<group>"; };
		F439A4ED2545E3CD00253CE0 /* STLLocationViewModel.swift */ = {isa = PBXFileReference; lastKnownFileType = sourcecode.swift; path = STLLocationViewModel.swift; sourceTree = "<group>"; };
		F47702DB254997530004F6DD /* Geofencing.entitlements */ = {isa = PBXFileReference; lastKnownFileType = text.plist.entitlements; path = Geofencing.entitlements; sourceTree = "<group>"; };
		F47702DD254997530004F6DD /* NetworkExtension.framework */ = {isa = PBXFileReference; lastKnownFileType = wrapper.framework; name = NetworkExtension.framework; path = System/Library/Frameworks/NetworkExtension.framework; sourceTree = SDKROOT; };
		F47702E2254997EE0004F6DD /* STLNetworkConfiguration.swift */ = {isa = PBXFileReference; lastKnownFileType = sourcecode.swift; path = STLNetworkConfiguration.swift; sourceTree = "<group>"; };
		F47702EE2549B1670004F6DD /* UIAlertController+Credential.swift */ = {isa = PBXFileReference; lastKnownFileType = sourcecode.swift; path = "UIAlertController+Credential.swift"; sourceTree = "<group>"; };
		F47702FE2549C6BB0004F6DD /* SimulatedLocations.gpx */ = {isa = PBXFileReference; fileEncoding = 4; lastKnownFileType = text.xml; path = SimulatedLocations.gpx; sourceTree = "<group>"; };
		F47702FF2549C6BB0004F6DD /* Google.gpx */ = {isa = PBXFileReference; fileEncoding = 4; lastKnownFileType = text.xml; path = Google.gpx; sourceTree = "<group>"; };
		F47703002549C6BB0004F6DD /* Apple.gpx */ = {isa = PBXFileReference; fileEncoding = 4; lastKnownFileType = text.xml; path = Apple.gpx; sourceTree = "<group>"; };
		F4894AFB2546F47200834DB3 /* MKMapView+Utilities.swift */ = {isa = PBXFileReference; lastKnownFileType = sourcecode.swift; path = "MKMapView+Utilities.swift"; sourceTree = "<group>"; };
		F4899FBE2547FE8000B140C2 /* UIViewController+Utilities.swift */ = {isa = PBXFileReference; lastKnownFileType = sourcecode.swift; path = "UIViewController+Utilities.swift"; sourceTree = "<group>"; };
		F4899FCE2548062500B140C2 /* STLAddGeofenceViewController.swift */ = {isa = PBXFileReference; lastKnownFileType = sourcecode.swift; path = STLAddGeofenceViewController.swift; sourceTree = "<group>"; };
		F4899FDA25482E8400B140C2 /* Ultilities.swift */ = {isa = PBXFileReference; lastKnownFileType = sourcecode.swift; path = Ultilities.swift; sourceTree = "<group>"; };
		F4899FE32548428E00B140C2 /* STLAddAnnotationProtocol.swift */ = {isa = PBXFileReference; lastKnownFileType = sourcecode.swift; path = STLAddAnnotationProtocol.swift; sourceTree = "<group>"; };
/* End PBXFileReference section */

/* Begin PBXFrameworksBuildPhase section */
		F439A4A52545C21200253CE0 /* Frameworks */ = {
			isa = PBXFrameworksBuildPhase;
			buildActionMask = 2147483647;
			files = (
				F47702DE254997530004F6DD /* NetworkExtension.framework in Frameworks */,
			);
			runOnlyForDeploymentPostprocessing = 0;
		};
		F439A4BB2545C21500253CE0 /* Frameworks */ = {
			isa = PBXFrameworksBuildPhase;
			buildActionMask = 2147483647;
			files = (
			);
			runOnlyForDeploymentPostprocessing = 0;
		};
		F439A4C62545C21500253CE0 /* Frameworks */ = {
			isa = PBXFrameworksBuildPhase;
			buildActionMask = 2147483647;
			files = (
			);
			runOnlyForDeploymentPostprocessing = 0;
		};
/* End PBXFrameworksBuildPhase section */

/* Begin PBXGroup section */
		F439A49F2545C21200253CE0 = {
			isa = PBXGroup;
			children = (
				F439A4AA2545C21200253CE0 /* Geofencing */,
				F439A4C12545C21500253CE0 /* GeofencingTests */,
				F439A4CC2545C21500253CE0 /* GeofencingUITests */,
				F439A4A92545C21200253CE0 /* Products */,
				F47702DC254997530004F6DD /* Frameworks */,
			);
			sourceTree = "<group>";
		};
		F439A4A92545C21200253CE0 /* Products */ = {
			isa = PBXGroup;
			children = (
				F439A4A82545C21200253CE0 /* Geofencing.app */,
				F439A4BE2545C21500253CE0 /* GeofencingTests.xctest */,
				F439A4C92545C21500253CE0 /* GeofencingUITests.xctest */,
			);
			name = Products;
			sourceTree = "<group>";
		};
		F439A4AA2545C21200253CE0 /* Geofencing */ = {
			isa = PBXGroup;
			children = (
				F47702DB254997530004F6DD /* Geofencing.entitlements */,
				F4899FEB254849E100B140C2 /* NSObject */,
				F4899FE2254841F700B140C2 /* Protocol */,
				F4894B002546F47900834DB3 /* Extensions */,
				F4899FCD2548060B00B140C2 /* Model */,
				F4899FCC254805F400B140C2 /* UIViewControllers */,
				F439A4AB2545C21200253CE0 /* AppDelegate.swift */,
				F439A4AD2545C21200253CE0 /* SceneDelegate.swift */,
				F439A4B12545C21200253CE0 /* Main.storyboard */,
				F439A4B42545C21500253CE0 /* Assets.xcassets */,
				F439A4B62545C21500253CE0 /* LaunchScreen.storyboard */,
				F439A4B92545C21500253CE0 /* Info.plist */,
				F47703072549C6BF0004F6DD /* SupportingFiles */,
			);
			path = Geofencing;
			sourceTree = "<group>";
		};
		F439A4C12545C21500253CE0 /* GeofencingTests */ = {
			isa = PBXGroup;
			children = (
				F439A4C22545C21500253CE0 /* GeofencingTests.swift */,
				F439A4C42545C21500253CE0 /* Info.plist */,
			);
			path = GeofencingTests;
			sourceTree = "<group>";
		};
		F439A4CC2545C21500253CE0 /* GeofencingUITests */ = {
			isa = PBXGroup;
			children = (
				F439A4CD2545C21500253CE0 /* GeofencingUITests.swift */,
				F439A4CF2545C21500253CE0 /* Info.plist */,
			);
			path = GeofencingUITests;
			sourceTree = "<group>";
		};
		F47702DC254997530004F6DD /* Frameworks */ = {
			isa = PBXGroup;
			children = (
				F47702DD254997530004F6DD /* NetworkExtension.framework */,
			);
			name = Frameworks;
			sourceTree = "<group>";
		};
		F47703072549C6BF0004F6DD /* SupportingFiles */ = {
			isa = PBXGroup;
			children = (
				F47703002549C6BB0004F6DD /* Apple.gpx */,
				F47702FF2549C6BB0004F6DD /* Google.gpx */,
				F47702FE2549C6BB0004F6DD /* SimulatedLocations.gpx */,
			);
			path = SupportingFiles;
			sourceTree = "<group>";
		};
		F4894B002546F47900834DB3 /* Extensions */ = {
			isa = PBXGroup;
			children = (
				F4899FDA25482E8400B140C2 /* Ultilities.swift */,
				F4894AFB2546F47200834DB3 /* MKMapView+Utilities.swift */,
				F4899FBE2547FE8000B140C2 /* UIViewController+Utilities.swift */,
				F47702EE2549B1670004F6DD /* UIAlertController+Credential.swift */,
			);
			path = Extensions;
			sourceTree = "<group>";
		};
		F4899FCC254805F400B140C2 /* UIViewControllers */ = {
			isa = PBXGroup;
			children = (
				F439A4AF2545C21200253CE0 /* STLMainViewController.swift */,
				F4899FCE2548062500B140C2 /* STLAddGeofenceViewController.swift */,
			);
			path = UIViewControllers;
			sourceTree = "<group>";
		};
		F4899FCD2548060B00B140C2 /* Model */ = {
			isa = PBXGroup;
			children = (
				F439A4ED2545E3CD00253CE0 /* STLLocationViewModel.swift */,
			);
			path = Model;
			sourceTree = "<group>";
		};
		F4899FE2254841F700B140C2 /* Protocol */ = {
			isa = PBXGroup;
			children = (
				F4899FE32548428E00B140C2 /* STLAddAnnotationProtocol.swift */,
			);
			path = Protocol;
			sourceTree = "<group>";
		};
		F4899FEB254849E100B140C2 /* NSObject */ = {
			isa = PBXGroup;
			children = (
				F439A4E52545DFA700253CE0 /* STLMapAnnotation.swift */,
				F47702E2254997EE0004F6DD /* STLNetworkConfiguration.swift */,
			);
			path = NSObject;
			sourceTree = "<group>";
		};
/* End PBXGroup section */

/* Begin PBXNativeTarget section */
		F439A4A72545C21200253CE0 /* Geofencing */ = {
			isa = PBXNativeTarget;
			buildConfigurationList = F439A4D22545C21500253CE0 /* Build configuration list for PBXNativeTarget "Geofencing" */;
			buildPhases = (
				F439A4A42545C21200253CE0 /* Sources */,
				F439A4A52545C21200253CE0 /* Frameworks */,
				F439A4A62545C21200253CE0 /* Resources */,
			);
			buildRules = (
			);
			dependencies = (
			);
			name = Geofencing;
			productName = Geofencing;
			productReference = F439A4A82545C21200253CE0 /* Geofencing.app */;
			productType = "com.apple.product-type.application";
		};
		F439A4BD2545C21500253CE0 /* GeofencingTests */ = {
			isa = PBXNativeTarget;
			buildConfigurationList = F439A4D52545C21500253CE0 /* Build configuration list for PBXNativeTarget "GeofencingTests" */;
			buildPhases = (
				F439A4BA2545C21500253CE0 /* Sources */,
				F439A4BB2545C21500253CE0 /* Frameworks */,
				F439A4BC2545C21500253CE0 /* Resources */,
			);
			buildRules = (
			);
			dependencies = (
				F439A4C02545C21500253CE0 /* PBXTargetDependency */,
			);
			name = GeofencingTests;
			productName = GeofencingTests;
			productReference = F439A4BE2545C21500253CE0 /* GeofencingTests.xctest */;
			productType = "com.apple.product-type.bundle.unit-test";
		};
		F439A4C82545C21500253CE0 /* GeofencingUITests */ = {
			isa = PBXNativeTarget;
			buildConfigurationList = F439A4D82545C21500253CE0 /* Build configuration list for PBXNativeTarget "GeofencingUITests" */;
			buildPhases = (
				F439A4C52545C21500253CE0 /* Sources */,
				F439A4C62545C21500253CE0 /* Frameworks */,
				F439A4C72545C21500253CE0 /* Resources */,
			);
			buildRules = (
			);
			dependencies = (
				F439A4CB2545C21500253CE0 /* PBXTargetDependency */,
			);
			name = GeofencingUITests;
			productName = GeofencingUITests;
			productReference = F439A4C92545C21500253CE0 /* GeofencingUITests.xctest */;
			productType = "com.apple.product-type.bundle.ui-testing";
		};
/* End PBXNativeTarget section */

/* Begin PBXProject section */
		F439A4A02545C21200253CE0 /* Project object */ = {
			isa = PBXProject;
			attributes = {
				LastSwiftUpdateCheck = 1210;
				LastUpgradeCheck = 1210;
				TargetAttributes = {
					F439A4A72545C21200253CE0 = {
						CreatedOnToolsVersion = 12.1;
					};
					F439A4BD2545C21500253CE0 = {
						CreatedOnToolsVersion = 12.1;
						TestTargetID = F439A4A72545C21200253CE0;
					};
					F439A4C82545C21500253CE0 = {
						CreatedOnToolsVersion = 12.1;
						TestTargetID = F439A4A72545C21200253CE0;
					};
				};
			};
			buildConfigurationList = F439A4A32545C21200253CE0 /* Build configuration list for PBXProject "Geofencing" */;
			compatibilityVersion = "Xcode 9.3";
			developmentRegion = en;
			hasScannedForEncodings = 0;
			knownRegions = (
				en,
				Base,
			);
			mainGroup = F439A49F2545C21200253CE0;
			productRefGroup = F439A4A92545C21200253CE0 /* Products */;
			projectDirPath = "";
			projectRoot = "";
			targets = (
				F439A4A72545C21200253CE0 /* Geofencing */,
				F439A4BD2545C21500253CE0 /* GeofencingTests */,
				F439A4C82545C21500253CE0 /* GeofencingUITests */,
			);
		};
/* End PBXProject section */

/* Begin PBXResourcesBuildPhase section */
		F439A4A62545C21200253CE0 /* Resources */ = {
			isa = PBXResourcesBuildPhase;
			buildActionMask = 2147483647;
			files = (
				F47703032549C6BB0004F6DD /* Apple.gpx in Resources */,
				F439A4B82545C21500253CE0 /* LaunchScreen.storyboard in Resources */,
				F439A4B52545C21500253CE0 /* Assets.xcassets in Resources */,
				F47703022549C6BB0004F6DD /* Google.gpx in Resources */,
				F439A4B32545C21200253CE0 /* Main.storyboard in Resources */,
				F47703012549C6BB0004F6DD /* SimulatedLocations.gpx in Resources */,
			);
			runOnlyForDeploymentPostprocessing = 0;
		};
		F439A4BC2545C21500253CE0 /* Resources */ = {
			isa = PBXResourcesBuildPhase;
			buildActionMask = 2147483647;
			files = (
			);
			runOnlyForDeploymentPostprocessing = 0;
		};
		F439A4C72545C21500253CE0 /* Resources */ = {
			isa = PBXResourcesBuildPhase;
			buildActionMask = 2147483647;
			files = (
			);
			runOnlyForDeploymentPostprocessing = 0;
		};
/* End PBXResourcesBuildPhase section */

/* Begin PBXSourcesBuildPhase section */
		F439A4A42545C21200253CE0 /* Sources */ = {
			isa = PBXSourcesBuildPhase;
			buildActionMask = 2147483647;
			files = (
				F4899FDB25482E8400B140C2 /* Ultilities.swift in Sources */,
				F4894AFC2546F47200834DB3 /* MKMapView+Utilities.swift in Sources */,
				F439A4EE2545E3CD00253CE0 /* STLLocationViewModel.swift in Sources */,
				F439A4B02545C21200253CE0 /* STLMainViewController.swift in Sources */,
				F47702EF2549B1670004F6DD /* UIAlertController+Credential.swift in Sources */,
				F439A4E62545DFA700253CE0 /* STLMapAnnotation.swift in Sources */,
				F4899FCF2548062500B140C2 /* STLAddGeofenceViewController.swift in Sources */,
				F4899FE42548428E00B140C2 /* STLAddAnnotationProtocol.swift in Sources */,
				F439A4AC2545C21200253CE0 /* AppDelegate.swift in Sources */,
				F47702E3254997EE0004F6DD /* STLNetworkConfiguration.swift in Sources */,
				F439A4AE2545C21200253CE0 /* SceneDelegate.swift in Sources */,
				F4899FBF2547FE8000B140C2 /* UIViewController+Utilities.swift in Sources */,
			);
			runOnlyForDeploymentPostprocessing = 0;
		};
		F439A4BA2545C21500253CE0 /* Sources */ = {
			isa = PBXSourcesBuildPhase;
			buildActionMask = 2147483647;
			files = (
				F439A4C32545C21500253CE0 /* GeofencingTests.swift in Sources */,
			);
			runOnlyForDeploymentPostprocessing = 0;
		};
		F439A4C52545C21500253CE0 /* Sources */ = {
			isa = PBXSourcesBuildPhase;
			buildActionMask = 2147483647;
			files = (
				F439A4CE2545C21500253CE0 /* GeofencingUITests.swift in Sources */,
			);
			runOnlyForDeploymentPostprocessing = 0;
		};
/* End PBXSourcesBuildPhase section */

/* Begin PBXTargetDependency section */
		F439A4C02545C21500253CE0 /* PBXTargetDependency */ = {
			isa = PBXTargetDependency;
			target = F439A4A72545C21200253CE0 /* Geofencing */;
			targetProxy = F439A4BF2545C21500253CE0 /* PBXContainerItemProxy */;
		};
		F439A4CB2545C21500253CE0 /* PBXTargetDependency */ = {
			isa = PBXTargetDependency;
			target = F439A4A72545C21200253CE0 /* Geofencing */;
			targetProxy = F439A4CA2545C21500253CE0 /* PBXContainerItemProxy */;
		};
/* End PBXTargetDependency section */

/* Begin PBXVariantGroup section */
		F439A4B12545C21200253CE0 /* Main.storyboard */ = {
			isa = PBXVariantGroup;
			children = (
				F439A4B22545C21200253CE0 /* Base */,
			);
			name = Main.storyboard;
			sourceTree = "<group>";
		};
		F439A4B62545C21500253CE0 /* LaunchScreen.storyboard */ = {
			isa = PBXVariantGroup;
			children = (
				F439A4B72545C21500253CE0 /* Base */,
			);
			name = LaunchScreen.storyboard;
			sourceTree = "<group>";
		};
/* End PBXVariantGroup section */

/* Begin XCBuildConfiguration section */
		F439A4D02545C21500253CE0 /* Debug */ = {
			isa = XCBuildConfiguration;
			buildSettings = {
				ALWAYS_SEARCH_USER_PATHS = NO;
				CLANG_ANALYZER_NONNULL = YES;
				CLANG_ANALYZER_NUMBER_OBJECT_CONVERSION = YES_AGGRESSIVE;
				CLANG_CXX_LANGUAGE_STANDARD = "gnu++14";
				CLANG_CXX_LIBRARY = "libc++";
				CLANG_ENABLE_MODULES = YES;
				CLANG_ENABLE_OBJC_ARC = YES;
				CLANG_ENABLE_OBJC_WEAK = YES;
				CLANG_WARN_BLOCK_CAPTURE_AUTORELEASING = YES;
				CLANG_WARN_BOOL_CONVERSION = YES;
				CLANG_WARN_COMMA = YES;
				CLANG_WARN_CONSTANT_CONVERSION = YES;
				CLANG_WARN_DEPRECATED_OBJC_IMPLEMENTATIONS = YES;
				CLANG_WARN_DIRECT_OBJC_ISA_USAGE = YES_ERROR;
				CLANG_WARN_DOCUMENTATION_COMMENTS = YES;
				CLANG_WARN_EMPTY_BODY = YES;
				CLANG_WARN_ENUM_CONVERSION = YES;
				CLANG_WARN_INFINITE_RECURSION = YES;
				CLANG_WARN_INT_CONVERSION = YES;
				CLANG_WARN_NON_LITERAL_NULL_CONVERSION = YES;
				CLANG_WARN_OBJC_IMPLICIT_RETAIN_SELF = YES;
				CLANG_WARN_OBJC_LITERAL_CONVERSION = YES;
				CLANG_WARN_OBJC_ROOT_CLASS = YES_ERROR;
				CLANG_WARN_QUOTED_INCLUDE_IN_FRAMEWORK_HEADER = YES;
				CLANG_WARN_RANGE_LOOP_ANALYSIS = YES;
				CLANG_WARN_STRICT_PROTOTYPES = YES;
				CLANG_WARN_SUSPICIOUS_MOVE = YES;
				CLANG_WARN_UNGUARDED_AVAILABILITY = YES_AGGRESSIVE;
				CLANG_WARN_UNREACHABLE_CODE = YES;
				CLANG_WARN__DUPLICATE_METHOD_MATCH = YES;
				COPY_PHASE_STRIP = NO;
				DEBUG_INFORMATION_FORMAT = dwarf;
				ENABLE_STRICT_OBJC_MSGSEND = YES;
				ENABLE_TESTABILITY = YES;
				GCC_C_LANGUAGE_STANDARD = gnu11;
				GCC_DYNAMIC_NO_PIC = NO;
				GCC_NO_COMMON_BLOCKS = YES;
				GCC_OPTIMIZATION_LEVEL = 0;
				GCC_PREPROCESSOR_DEFINITIONS = (
					"DEBUG=1",
					"$(inherited)",
				);
				GCC_WARN_64_TO_32_BIT_CONVERSION = YES;
				GCC_WARN_ABOUT_RETURN_TYPE = YES_ERROR;
				GCC_WARN_UNDECLARED_SELECTOR = YES;
				GCC_WARN_UNINITIALIZED_AUTOS = YES_AGGRESSIVE;
				GCC_WARN_UNUSED_FUNCTION = YES;
				GCC_WARN_UNUSED_VARIABLE = YES;
				IPHONEOS_DEPLOYMENT_TARGET = 13.0;
				MTL_ENABLE_DEBUG_INFO = INCLUDE_SOURCE;
				MTL_FAST_MATH = YES;
				ONLY_ACTIVE_ARCH = YES;
				SDKROOT = iphoneos;
				SWIFT_ACTIVE_COMPILATION_CONDITIONS = DEBUG;
				SWIFT_OPTIMIZATION_LEVEL = "-Onone";
			};
			name = Debug;
		};
		F439A4D12545C21500253CE0 /* Release */ = {
			isa = XCBuildConfiguration;
			buildSettings = {
				ALWAYS_SEARCH_USER_PATHS = NO;
				CLANG_ANALYZER_NONNULL = YES;
				CLANG_ANALYZER_NUMBER_OBJECT_CONVERSION = YES_AGGRESSIVE;
				CLANG_CXX_LANGUAGE_STANDARD = "gnu++14";
				CLANG_CXX_LIBRARY = "libc++";
				CLANG_ENABLE_MODULES = YES;
				CLANG_ENABLE_OBJC_ARC = YES;
				CLANG_ENABLE_OBJC_WEAK = YES;
				CLANG_WARN_BLOCK_CAPTURE_AUTORELEASING = YES;
				CLANG_WARN_BOOL_CONVERSION = YES;
				CLANG_WARN_COMMA = YES;
				CLANG_WARN_CONSTANT_CONVERSION = YES;
				CLANG_WARN_DEPRECATED_OBJC_IMPLEMENTATIONS = YES;
				CLANG_WARN_DIRECT_OBJC_ISA_USAGE = YES_ERROR;
				CLANG_WARN_DOCUMENTATION_COMMENTS = YES;
				CLANG_WARN_EMPTY_BODY = YES;
				CLANG_WARN_ENUM_CONVERSION = YES;
				CLANG_WARN_INFINITE_RECURSION = YES;
				CLANG_WARN_INT_CONVERSION = YES;
				CLANG_WARN_NON_LITERAL_NULL_CONVERSION = YES;
				CLANG_WARN_OBJC_IMPLICIT_RETAIN_SELF = YES;
				CLANG_WARN_OBJC_LITERAL_CONVERSION = YES;
				CLANG_WARN_OBJC_ROOT_CLASS = YES_ERROR;
				CLANG_WARN_QUOTED_INCLUDE_IN_FRAMEWORK_HEADER = YES;
				CLANG_WARN_RANGE_LOOP_ANALYSIS = YES;
				CLANG_WARN_STRICT_PROTOTYPES = YES;
				CLANG_WARN_SUSPICIOUS_MOVE = YES;
				CLANG_WARN_UNGUARDED_AVAILABILITY = YES_AGGRESSIVE;
				CLANG_WARN_UNREACHABLE_CODE = YES;
				CLANG_WARN__DUPLICATE_METHOD_MATCH = YES;
				COPY_PHASE_STRIP = NO;
				DEBUG_INFORMATION_FORMAT = "dwarf-with-dsym";
				ENABLE_NS_ASSERTIONS = NO;
				ENABLE_STRICT_OBJC_MSGSEND = YES;
				GCC_C_LANGUAGE_STANDARD = gnu11;
				GCC_NO_COMMON_BLOCKS = YES;
				GCC_WARN_64_TO_32_BIT_CONVERSION = YES;
				GCC_WARN_ABOUT_RETURN_TYPE = YES_ERROR;
				GCC_WARN_UNDECLARED_SELECTOR = YES;
				GCC_WARN_UNINITIALIZED_AUTOS = YES_AGGRESSIVE;
				GCC_WARN_UNUSED_FUNCTION = YES;
				GCC_WARN_UNUSED_VARIABLE = YES;
				IPHONEOS_DEPLOYMENT_TARGET = 13.0;
				MTL_ENABLE_DEBUG_INFO = NO;
				MTL_FAST_MATH = YES;
				SDKROOT = iphoneos;
				SWIFT_COMPILATION_MODE = wholemodule;
				SWIFT_OPTIMIZATION_LEVEL = "-O";
				VALIDATE_PRODUCT = YES;
			};
			name = Release;
		};
		F439A4D32545C21500253CE0 /* Debug */ = {
			isa = XCBuildConfiguration;
			buildSettings = {
				ASSETCATALOG_COMPILER_APPICON_NAME = AppIcon;
				ASSETCATALOG_COMPILER_GLOBAL_ACCENT_COLOR_NAME = AccentColor;
				CODE_SIGN_ENTITLEMENTS = Geofencing/Geofencing.entitlements;
				CODE_SIGN_STYLE = Automatic;
				DEVELOPMENT_TEAM = N9PSXS9XTK;
				INFOPLIST_FILE = Geofencing/Info.plist;
				LD_RUNPATH_SEARCH_PATHS = (
					"$(inherited)",
					"@executable_path/Frameworks",
				);
				PRODUCT_BUNDLE_IDENTIFIER = com.themobilelife.Geofencing;
				PRODUCT_NAME = "$(TARGET_NAME)";
				SWIFT_VERSION = 5.0;
				TARGETED_DEVICE_FAMILY = "1,2";
			};
			name = Debug;
		};
		F439A4D42545C21500253CE0 /* Release */ = {
			isa = XCBuildConfiguration;
			buildSettings = {
				ASSETCATALOG_COMPILER_APPICON_NAME = AppIcon;
				ASSETCATALOG_COMPILER_GLOBAL_ACCENT_COLOR_NAME = AccentColor;
				CODE_SIGN_ENTITLEMENTS = Geofencing/Geofencing.entitlements;
				CODE_SIGN_STYLE = Automatic;
				DEVELOPMENT_TEAM = N9PSXS9XTK;
				INFOPLIST_FILE = Geofencing/Info.plist;
				LD_RUNPATH_SEARCH_PATHS = (
					"$(inherited)",
					"@executable_path/Frameworks",
				);
				PRODUCT_BUNDLE_IDENTIFIER = com.themobilelife.Geofencing;
				PRODUCT_NAME = "$(TARGET_NAME)";
				SWIFT_VERSION = 5.0;
				TARGETED_DEVICE_FAMILY = "1,2";
			};
			name = Release;
		};
		F439A4D62545C21500253CE0 /* Debug */ = {
			isa = XCBuildConfiguration;
			buildSettings = {
				ALWAYS_EMBED_SWIFT_STANDARD_LIBRARIES = YES;
				BUNDLE_LOADER = "$(TEST_HOST)";
				CODE_SIGN_STYLE = Automatic;
				INFOPLIST_FILE = GeofencingTests/Info.plist;
				IPHONEOS_DEPLOYMENT_TARGET = 14.1;
				LD_RUNPATH_SEARCH_PATHS = (
					"$(inherited)",
					"@executable_path/Frameworks",
					"@loader_path/Frameworks",
				);
				PRODUCT_BUNDLE_IDENTIFIER = com.themobilelife.GeofencingTests;
				PRODUCT_NAME = "$(TARGET_NAME)";
				SWIFT_VERSION = 5.0;
				TARGETED_DEVICE_FAMILY = "1,2";
				TEST_HOST = "$(BUILT_PRODUCTS_DIR)/Geofencing.app/Geofencing";
			};
			name = Debug;
		};
		F439A4D72545C21500253CE0 /* Release */ = {
			isa = XCBuildConfiguration;
			buildSettings = {
				ALWAYS_EMBED_SWIFT_STANDARD_LIBRARIES = YES;
				BUNDLE_LOADER = "$(TEST_HOST)";
				CODE_SIGN_STYLE = Automatic;
				INFOPLIST_FILE = GeofencingTests/Info.plist;
				IPHONEOS_DEPLOYMENT_TARGET = 14.1;
				LD_RUNPATH_SEARCH_PATHS = (
					"$(inherited)",
					"@executable_path/Frameworks",
					"@loader_path/Frameworks",
				);
				PRODUCT_BUNDLE_IDENTIFIER = com.themobilelife.GeofencingTests;
				PRODUCT_NAME = "$(TARGET_NAME)";
				SWIFT_VERSION = 5.0;
				TARGETED_DEVICE_FAMILY = "1,2";
				TEST_HOST = "$(BUILT_PRODUCTS_DIR)/Geofencing.app/Geofencing";
			};
			name = Release;
		};
		F439A4D92545C21500253CE0 /* Debug */ = {
			isa = XCBuildConfiguration;
			buildSettings = {
				ALWAYS_EMBED_SWIFT_STANDARD_LIBRARIES = YES;
				CODE_SIGN_STYLE = Automatic;
				INFOPLIST_FILE = GeofencingUITests/Info.plist;
				LD_RUNPATH_SEARCH_PATHS = (
					"$(inherited)",
					"@executable_path/Frameworks",
					"@loader_path/Frameworks",
				);
				PRODUCT_BUNDLE_IDENTIFIER = com.themobilelife.GeofencingUITests;
				PRODUCT_NAME = "$(TARGET_NAME)";
				SWIFT_VERSION = 5.0;
				TARGETED_DEVICE_FAMILY = "1,2";
				TEST_TARGET_NAME = Geofencing;
			};
			name = Debug;
		};
		F439A4DA2545C21500253CE0 /* Release */ = {
			isa = XCBuildConfiguration;
			buildSettings = {
				ALWAYS_EMBED_SWIFT_STANDARD_LIBRARIES = YES;
				CODE_SIGN_STYLE = Automatic;
				INFOPLIST_FILE = GeofencingUITests/Info.plist;
				LD_RUNPATH_SEARCH_PATHS = (
					"$(inherited)",
					"@executable_path/Frameworks",
					"@loader_path/Frameworks",
				);
				PRODUCT_BUNDLE_IDENTIFIER = com.themobilelife.GeofencingUITests;
				PRODUCT_NAME = "$(TARGET_NAME)";
				SWIFT_VERSION = 5.0;
				TARGETED_DEVICE_FAMILY = "1,2";
				TEST_TARGET_NAME = Geofencing;
			};
			name = Release;
		};
/* End XCBuildConfiguration section */

/* Begin XCConfigurationList section */
		F439A4A32545C21200253CE0 /* Build configuration list for PBXProject "Geofencing" */ = {
			isa = XCConfigurationList;
			buildConfigurations = (
				F439A4D02545C21500253CE0 /* Debug */,
				F439A4D12545C21500253CE0 /* Release */,
			);
			defaultConfigurationIsVisible = 0;
			defaultConfigurationName = Release;
		};
		F439A4D22545C21500253CE0 /* Build configuration list for PBXNativeTarget "Geofencing" */ = {
			isa = XCConfigurationList;
			buildConfigurations = (
				F439A4D32545C21500253CE0 /* Debug */,
				F439A4D42545C21500253CE0 /* Release */,
			);
			defaultConfigurationIsVisible = 0;
			defaultConfigurationName = Release;
		};
		F439A4D52545C21500253CE0 /* Build configuration list for PBXNativeTarget "GeofencingTests" */ = {
			isa = XCConfigurationList;
			buildConfigurations = (
				F439A4D62545C21500253CE0 /* Debug */,
				F439A4D72545C21500253CE0 /* Release */,
			);
			defaultConfigurationIsVisible = 0;
			defaultConfigurationName = Release;
		};
		F439A4D82545C21500253CE0 /* Build configuration list for PBXNativeTarget "GeofencingUITests" */ = {
			isa = XCConfigurationList;
			buildConfigurations = (
				F439A4D92545C21500253CE0 /* Debug */,
				F439A4DA2545C21500253CE0 /* Release */,
			);
			defaultConfigurationIsVisible = 0;
			defaultConfigurationName = Release;
		};
/* End XCConfigurationList section */
	};
	rootObject = F439A4A02545C21200253CE0 /* Project object */;
}
